// !$*UTF8*$!
{
	archiveVersion = 1;
	classes = {
	};
	objectVersion = 46;
	objects = {

/* Begin PBXBuildFile section */
		C00D2DE21BB508AF005207FC /* alac.h in Headers */ = {isa = PBXBuildFile; fileRef = C00D2DDF1BB508AF005207FC /* alac.h */; };
		C00D2DE31BB508AF005207FC /* stdint_win.h in Headers */ = {isa = PBXBuildFile; fileRef = C00D2DE01BB508AF005207FC /* stdint_win.h */; };
		C00D2DE41BB508AF005207FC /* alac.c in Sources */ = {isa = PBXBuildFile; fileRef = C00D2DE11BB508AF005207FC /* alac.c */; };
/* End PBXBuildFile section */

/* Begin PBXFileReference section */
		C00D2DD81BB5089C005207FC /* libalac.a */ = {isa = PBXFileReference; explicitFileType = archive.ar; includeInIndex = 0; path = libalac.a; sourceTree = BUILT_PRODUCTS_DIR; };
		C00D2DDF1BB508AF005207FC /* alac.h */ = {isa = PBXFileReference; fileEncoding = 4; lastKnownFileType = sourcecode.c.h; name = alac.h; path = ../../../src/lib/alac/alac.h; sourceTree = "<group>"; };
		C00D2DE01BB508AF005207FC /* stdint_win.h */ = {isa = PBXFileReference; fileEncoding = 4; lastKnownFileType = sourcecode.c.h; name = stdint_win.h; path = ../../../src/lib/alac/stdint_win.h; sourceTree = "<group>"; };
		C00D2DE11BB508AF005207FC /* alac.c */ = {isa = PBXFileReference; fileEncoding = 4; lastKnownFileType = sourcecode.c.c; name = alac.c; path = ../../../src/lib/alac/alac.c; sourceTree = "<group>"; };
/* End PBXFileReference section */

/* Begin PBXFrameworksBuildPhase section */
		C00D2DD51BB5089C005207FC /* Frameworks */ = {
			isa = PBXFrameworksBuildPhase;
			buildActionMask = 2147483647;
			files = (
			);
			runOnlyForDeploymentPostprocessing = 0;
		};
/* End PBXFrameworksBuildPhase section */

/* Begin PBXGroup section */
		C00D2DCF1BB5089C005207FC = {
			isa = PBXGroup;
			children = (
				C00D2DE01BB508AF005207FC /* stdint_win.h */,
				C00D2DE11BB508AF005207FC /* alac.c */,
				C00D2DDF1BB508AF005207FC /* alac.h */,
				C00D2DD91BB5089D005207FC /* Products */,
			);
			sourceTree = "<group>";
		};
		C00D2DD91BB5089D005207FC /* Products */ = {
			isa = PBXGroup;
			children = (
				C00D2DD81BB5089C005207FC /* libalac.a */,
			);
			name = Products;
			sourceTree = "<group>";
		};
/* End PBXGroup section */

/* Begin PBXHeadersBuildPhase section */
		C00D2DD61BB5089C005207FC /* Headers */ = {
			isa = PBXHeadersBuildPhase;
			buildActionMask = 2147483647;
			files = (
				C00D2DE21BB508AF005207FC /* alac.h in Headers */,
				C00D2DE31BB508AF005207FC /* stdint_win.h in Headers */,
			);
			runOnlyForDeploymentPostprocessing = 0;
		};
/* End PBXHeadersBuildPhase section */

/* Begin PBXNativeTarget section */
		C00D2DD71BB5089C005207FC /* alac */ = {
			isa = PBXNativeTarget;
			buildConfigurationList = C00D2DDC1BB5089D005207FC /* Build configuration list for PBXNativeTarget "alac" */;
			buildPhases = (
				C00D2DD41BB5089C005207FC /* Sources */,
				C00D2DD51BB5089C005207FC /* Frameworks */,
				C00D2DD61BB5089C005207FC /* Headers */,
			);
			buildRules = (
			);
			dependencies = (
			);
			name = alac;
			productName = alac;
			productReference = C00D2DD81BB5089C005207FC /* libalac.a */;
			productType = "com.apple.product-type.library.static";
		};
/* End PBXNativeTarget section */

/* Begin PBXProject section */
		C00D2DD01BB5089C005207FC /* Project object */ = {
			isa = PBXProject;
			attributes = {
				LastUpgradeCheck = 0710;
				ORGANIZATIONNAME = "Sidney Bofah";
				TargetAttributes = {
					C00D2DD71BB5089C005207FC = {
						CreatedOnToolsVersion = 7.1;
					};
				};
			};
			buildConfigurationList = C00D2DD31BB5089C005207FC /* Build configuration list for PBXProject "alac" */;
			compatibilityVersion = "Xcode 3.2";
			developmentRegion = English;
			hasScannedForEncodings = 0;
			knownRegions = (
				en,
			);
			mainGroup = C00D2DCF1BB5089C005207FC;
			productRefGroup = C00D2DD91BB5089D005207FC /* Products */;
			projectDirPath = "";
			projectRoot = "";
			targets = (
				C00D2DD71BB5089C005207FC /* alac */,
			);
		};
/* End PBXProject section */

/* Begin PBXSourcesBuildPhase section */
		C00D2DD41BB5089C005207FC /* Sources */ = {
			isa = PBXSourcesBuildPhase;
			buildActionMask = 2147483647;
			files = (
				C00D2DE41BB508AF005207FC /* alac.c in Sources */,
			);
			runOnlyForDeploymentPostprocessing = 0;
		};
/* End PBXSourcesBuildPhase section */

/* Begin XCBuildConfiguration section */
		C00D2DDA1BB5089D005207FC /* Debug */ = {
			isa = XCBuildConfiguration;
			buildSettings = {
				ALWAYS_SEARCH_USER_PATHS = NO;
				CLANG_CXX_LANGUAGE_STANDARD = "gnu++0x";
				CLANG_CXX_LIBRARY = "libc++";
				CLANG_ENABLE_MODULES = YES;
				CLANG_ENABLE_OBJC_ARC = YES;
				CLANG_WARN_BOOL_CONVERSION = YES;
				CLANG_WARN_CONSTANT_CONVERSION = YES;
				CLANG_WARN_DIRECT_OBJC_ISA_USAGE = YES_ERROR;
				CLANG_WARN_EMPTY_BODY = YES;
				CLANG_WARN_ENUM_CONVERSION = YES;
				CLANG_WARN_INT_CONVERSION = YES;
				CLANG_WARN_OBJC_ROOT_CLASS = YES_ERROR;
				CLANG_WARN_UNREACHABLE_CODE = YES;
				CLANG_WARN__DUPLICATE_METHOD_MATCH = YES;
				CODE_SIGN_IDENTITY = "-";
				CONFIGURATION_BUILD_DIR = "$(BUILD_DIR)";
				COPY_PHASE_STRIP = NO;
				DEBUG_INFORMATION_FORMAT = dwarf;
				ENABLE_STRICT_OBJC_MSGSEND = YES;
				ENABLE_TESTABILITY = YES;
				GCC_C_LANGUAGE_STANDARD = gnu99;
				GCC_DYNAMIC_NO_PIC = NO;
				GCC_NO_COMMON_BLOCKS = YES;
				GCC_OPTIMIZATION_LEVEL = 0;
				GCC_PREPROCESSOR_DEFINITIONS = (
					"DEBUG=1",
					"$(inherited)",
				);
				GCC_WARN_64_TO_32_BIT_CONVERSION = YES;
				GCC_WARN_ABOUT_RETURN_TYPE = YES_ERROR;
				GCC_WARN_UNDECLARED_SELECTOR = YES;
				GCC_WARN_UNINITIALIZED_AUTOS = YES_AGGRESSIVE;
				GCC_WARN_UNUSED_FUNCTION = YES;
				GCC_WARN_UNUSED_VARIABLE = YES;
				MACOSX_DEPLOYMENT_TARGET = 10.10;
				MTL_ENABLE_DEBUG_INFO = YES;
				ONLY_ACTIVE_ARCH = YES;
				SDKROOT = macosx;
			};
			name = Debug;
		};
		C00D2DDB1BB5089D005207FC /* Release */ = {
			isa = XCBuildConfiguration;
			buildSettings = {
				ALWAYS_SEARCH_USER_PATHS = NO;
				CLANG_CXX_LANGUAGE_STANDARD = "gnu++0x";
				CLANG_CXX_LIBRARY = "libc++";
				CLANG_ENABLE_MODULES = YES;
				CLANG_ENABLE_OBJC_ARC = YES;
				CLANG_WARN_BOOL_CONVERSION = YES;
				CLANG_WARN_CONSTANT_CONVERSION = YES;
				CLANG_WARN_DIRECT_OBJC_ISA_USAGE = YES_ERROR;
				CLANG_WARN_EMPTY_BODY = YES;
				CLANG_WARN_ENUM_CONVERSION = YES;
				CLANG_WARN_INT_CONVERSION = YES;
				CLANG_WARN_OBJC_ROOT_CLASS = YES_ERROR;
				CLANG_WARN_UNREACHABLE_CODE = YES;
				CLANG_WARN__DUPLICATE_METHOD_MATCH = YES;
				CODE_SIGN_IDENTITY = "-";
				CONFIGURATION_BUILD_DIR = "$(BUILD_DIR)";
				COPY_PHASE_STRIP = NO;
				DEBUG_INFORMATION_FORMAT = "dwarf-with-dsym";
				ENABLE_NS_ASSERTIONS = NO;
				ENABLE_STRICT_OBJC_MSGSEND = YES;
				GCC_C_LANGUAGE_STANDARD = gnu99;
				GCC_NO_COMMON_BLOCKS = YES;
				GCC_WARN_64_TO_32_BIT_CONVERSION = YES;
				GCC_WARN_ABOUT_RETURN_TYPE = YES_ERROR;
				GCC_WARN_UNDECLARED_SELECTOR = YES;
				GCC_WARN_UNINITIALIZED_AUTOS = YES_AGGRESSIVE;
				GCC_WARN_UNUSED_FUNCTION = YES;
				GCC_WARN_UNUSED_VARIABLE = YES;
				MACOSX_DEPLOYMENT_TARGET = 10.10;
				MTL_ENABLE_DEBUG_INFO = NO;
				SDKROOT = macosx;
			};
			name = Release;
		};
		C00D2DDD1BB5089D005207FC /* Debug */ = {
			isa = XCBuildConfiguration;
			buildSettings = {
				EXECUTABLE_PREFIX = lib;
				PRODUCT_NAME = "$(TARGET_NAME)";
			};
			name = Debug;
		};
		C00D2DDE1BB5089D005207FC /* Release */ = {
			isa = XCBuildConfiguration;
			buildSettings = {
				EXECUTABLE_PREFIX = lib;
				PRODUCT_NAME = "$(TARGET_NAME)";
			};
			name = Release;
		};
/* End XCBuildConfiguration section */

/* Begin XCConfigurationList section */
		C00D2DD31BB5089C005207FC /* Build configuration list for PBXProject "alac" */ = {
			isa = XCConfigurationList;
			buildConfigurations = (
				C00D2DDA1BB5089D005207FC /* Debug */,
				C00D2DDB1BB5089D005207FC /* Release */,
			);
			defaultConfigurationIsVisible = 0;
			defaultConfigurationName = Release;
		};
		C00D2DDC1BB5089D005207FC /* Build configuration list for PBXNativeTarget "alac" */ = {
			isa = XCConfigurationList;
			buildConfigurations = (
				C00D2DDD1BB5089D005207FC /* Debug */,
				C00D2DDE1BB5089D005207FC /* Release */,
			);
			defaultConfigurationIsVisible = 0;
			defaultConfigurationName = Release;
		};
/* End XCConfigurationList section */
	};
	rootObject = C00D2DD01BB5089C005207FC /* Project object */;
}
